
Microsoft Visual Studio Solution File, Format Version 12.00
# Visual Studio Version 17
VisualStudioVersion = 17.9.34723.18
MinimumVisualStudioVersion = 10.0.40219.1
Project("{FAE04EC0-301F-11D3-BF4B-00C04F79EFBC}") = "BookShop", "BookShop\BookShop.csproj", "{F4D78BC7-F97D-4DAA-8440-0E52909195C4}"
EndProject
Project("{FAE04EC0-301F-11D3-BF4B-00C04F79EFBC}") = "BookShop.Domain", "BookShop.Domain\BookShop.Domain.csproj", "{DF1B6F39-7A1D-4C2D-A154-CDA2AABE5823}"
EndProject
Global
	GlobalSection(SolutionConfigurationPlatforms) = preSolution
		Debug|Any CPU = Debug|Any CPU
		Release|Any CPU = Release|Any CPU
	EndGlobalSection
	GlobalSection(ProjectConfigurationPlatforms) = postSolution
		{F4D78BC7-F97D-4DAA-8440-0E52909195C4}.Debug|Any CPU.ActiveCfg = Debug|Any CPU
		{F4D78BC7-F97D-4DAA-8440-0E52909195C4}.Debug|Any CPU.Build.0 = Debug|Any CPU
		{F4D78BC7-F97D-4DAA-8440-0E52909195C4}.Release|Any CPU.ActiveCfg = Release|Any CPU
		{F4D78BC7-F97D-4DAA-8440-0E52909195C4}.Release|Any CPU.Build.0 = Release|Any CPU
		{DF1B6F39-7A1D-4C2D-A154-CDA2AABE5823}.Debug|Any CPU.ActiveCfg = Debug|Any CPU
		{DF1B6F39-7A1D-4C2D-A154-CDA2AABE5823}.Debug|Any CPU.Build.0 = Debug|Any CPU
		{DF1B6F39-7A1D-4C2D-A154-CDA2AABE5823}.Release|Any CPU.ActiveCfg = Release|Any CPU
		{DF1B6F39-7A1D-4C2D-A154-CDA2AABE5823}.Release|Any CPU.Build.0 = Release|Any CPU
	EndGlobalSection
	GlobalSection(SolutionProperties) = preSolution
		HideSolutionNode = FALSE
	EndGlobalSection
	GlobalSection(ExtensibilityGlobals) = postSolution
		SolutionGuid = {89B04787-AE1B-49AA-9C40-3272D0806A8E}
	EndGlobalSection
EndGlobal
